// !$*UTF8*$!
{
	archiveVersion = 1;
	classes = {
	};
	objectVersion = 46;
	objects = {

/* Begin PBXBuildFile section */
		5FF1FADA1A69C2120097BAD9 /* AppDelegate.swift in Sources */ = {isa = PBXBuildFile; fileRef = 5FF1FAD91A69C2120097BAD9 /* AppDelegate.swift */; };
		5FF1FADC1A69C2120097BAD9 /* Images.xcassets in Resources */ = {isa = PBXBuildFile; fileRef = 5FF1FADB1A69C2120097BAD9 /* Images.xcassets */; };
		5FF1FADF1A69C2120097BAD9 /* MainMenu.xib in Resources */ = {isa = PBXBuildFile; fileRef = 5FF1FADD1A69C2120097BAD9 /* MainMenu.xib */; };
		5FF1FAEB1A69C2120097BAD9 /* Stall_MonitorTests.swift in Sources */ = {isa = PBXBuildFile; fileRef = 5FF1FAEA1A69C2120097BAD9 /* Stall_MonitorTests.swift */; };
/* End PBXBuildFile section */

/* Begin PBXContainerItemProxy section */
		5FF1FAE51A69C2120097BAD9 /* PBXContainerItemProxy */ = {
			isa = PBXContainerItemProxy;
			containerPortal = 5FF1FACC1A69C2120097BAD9 /* Project object */;
			proxyType = 1;
			remoteGlobalIDString = 5FF1FAD31A69C2120097BAD9;
			remoteInfo = "Stall Monitor";
		};
/* End PBXContainerItemProxy section */

/* Begin PBXFileReference section */
		5FF1FAD41A69C2120097BAD9 /* Stall Monitor.app */ = {isa = PBXFileReference; explicitFileType = wrapper.application; includeInIndex = 0; path = "Stall Monitor.app"; sourceTree = BUILT_PRODUCTS_DIR; };
		5FF1FAD81A69C2120097BAD9 /* Info.plist */ = {isa = PBXFileReference; lastKnownFileType = text.plist.xml; path = Info.plist; sourceTree = "<group>"; };
		5FF1FAD91A69C2120097BAD9 /* AppDelegate.swift */ = {isa = PBXFileReference; lastKnownFileType = sourcecode.swift; path = AppDelegate.swift; sourceTree = "<group>"; };
		5FF1FADB1A69C2120097BAD9 /* Images.xcassets */ = {isa = PBXFileReference; lastKnownFileType = folder.assetcatalog; path = Images.xcassets; sourceTree = "<group>"; };
		5FF1FADE1A69C2120097BAD9 /* Base */ = {isa = PBXFileReference; lastKnownFileType = file.xib; name = Base; path = Base.lproj/MainMenu.xib; sourceTree = "<group>"; };
		5FF1FAE41A69C2120097BAD9 /* Stall MonitorTests.xctest */ = {isa = PBXFileReference; explicitFileType = wrapper.cfbundle; includeInIndex = 0; path = "Stall MonitorTests.xctest"; sourceTree = BUILT_PRODUCTS_DIR; };
		5FF1FAE91A69C2120097BAD9 /* Info.plist */ = {isa = PBXFileReference; lastKnownFileType = text.plist.xml; path = Info.plist; sourceTree = "<group>"; };
		5FF1FAEA1A69C2120097BAD9 /* Stall_MonitorTests.swift */ = {isa = PBXFileReference; lastKnownFileType = sourcecode.swift; path = Stall_MonitorTests.swift; sourceTree = "<group>"; };
/* End PBXFileReference section */

/* Begin PBXFrameworksBuildPhase section */
		5FF1FAD11A69C2120097BAD9 /* Frameworks */ = {
			isa = PBXFrameworksBuildPhase;
			buildActionMask = 2147483647;
			files = (
			);
			runOnlyForDeploymentPostprocessing = 0;
		};
		5FF1FAE11A69C2120097BAD9 /* Frameworks */ = {
			isa = PBXFrameworksBuildPhase;
			buildActionMask = 2147483647;
			files = (
			);
			runOnlyForDeploymentPostprocessing = 0;
		};
/* End PBXFrameworksBuildPhase section */

/* Begin PBXGroup section */
		5FF1FACB1A69C2120097BAD9 = {
			isa = PBXGroup;
			children = (
				5FF1FAD61A69C2120097BAD9 /* Stall Monitor */,
				5FF1FAE71A69C2120097BAD9 /* Stall MonitorTests */,
				5FF1FAD51A69C2120097BAD9 /* Products */,
			);
			sourceTree = "<group>";
		};
		5FF1FAD51A69C2120097BAD9 /* Products */ = {
			isa = PBXGroup;
			children = (
				5FF1FAD41A69C2120097BAD9 /* Stall Monitor.app */,
				5FF1FAE41A69C2120097BAD9 /* Stall MonitorTests.xctest */,
			);
			name = Products;
			sourceTree = "<group>";
		};
		5FF1FAD61A69C2120097BAD9 /* Stall Monitor */ = {
			isa = PBXGroup;
			children = (
				5FF1FAD91A69C2120097BAD9 /* AppDelegate.swift */,
				5FF1FADB1A69C2120097BAD9 /* Images.xcassets */,
				5FF1FADD1A69C2120097BAD9 /* MainMenu.xib */,
				5FF1FAD71A69C2120097BAD9 /* Supporting Files */,
			);
			path = "Stall Monitor";
			sourceTree = "<group>";
		};
		5FF1FAD71A69C2120097BAD9 /* Supporting Files */ = {
			isa = PBXGroup;
			children = (
				5FF1FAD81A69C2120097BAD9 /* Info.plist */,
			);
			name = "Supporting Files";
			sourceTree = "<group>";
		};
		5FF1FAE71A69C2120097BAD9 /* Stall MonitorTests */ = {
			isa = PBXGroup;
			children = (
				5FF1FAEA1A69C2120097BAD9 /* Stall_MonitorTests.swift */,
				5FF1FAE81A69C2120097BAD9 /* Supporting Files */,
			);
			path = "Stall MonitorTests";
			sourceTree = "<group>";
		};
		5FF1FAE81A69C2120097BAD9 /* Supporting Files */ = {
			isa = PBXGroup;
			children = (
				5FF1FAE91A69C2120097BAD9 /* Info.plist */,
			);
			name = "Supporting Files";
			sourceTree = "<group>";
		};
/* End PBXGroup section */

/* Begin PBXNativeTarget section */
		5FF1FAD31A69C2120097BAD9 /* Stall Monitor */ = {
			isa = PBXNativeTarget;
			buildConfigurationList = 5FF1FAEE1A69C2120097BAD9 /* Build configuration list for PBXNativeTarget "Stall Monitor" */;
			buildPhases = (
				5FF1FAD01A69C2120097BAD9 /* Sources */,
				5FF1FAD11A69C2120097BAD9 /* Frameworks */,
				5FF1FAD21A69C2120097BAD9 /* Resources */,
			);
			buildRules = (
			);
			dependencies = (
			);
			name = "Stall Monitor";
			productName = "Stall Monitor";
			productReference = 5FF1FAD41A69C2120097BAD9 /* Stall Monitor.app */;
			productType = "com.apple.product-type.application";
		};
		5FF1FAE31A69C2120097BAD9 /* Stall MonitorTests */ = {
			isa = PBXNativeTarget;
			buildConfigurationList = 5FF1FAF11A69C2120097BAD9 /* Build configuration list for PBXNativeTarget "Stall MonitorTests" */;
			buildPhases = (
				5FF1FAE01A69C2120097BAD9 /* Sources */,
				5FF1FAE11A69C2120097BAD9 /* Frameworks */,
				5FF1FAE21A69C2120097BAD9 /* Resources */,
			);
			buildRules = (
			);
			dependencies = (
				5FF1FAE61A69C2120097BAD9 /* PBXTargetDependency */,
			);
			name = "Stall MonitorTests";
			productName = "Stall MonitorTests";
			productReference = 5FF1FAE41A69C2120097BAD9 /* Stall MonitorTests.xctest */;
			productType = "com.apple.product-type.bundle.unit-test";
		};
/* End PBXNativeTarget section */

/* Begin PBXProject section */
		5FF1FACC1A69C2120097BAD9 /* Project object */ = {
			isa = PBXProject;
			attributes = {
				LastUpgradeCheck = 0610;
				ORGANIZATIONNAME = supersimple;
				TargetAttributes = {
					5FF1FAD31A69C2120097BAD9 = {
						CreatedOnToolsVersion = 6.1.1;
					};
					5FF1FAE31A69C2120097BAD9 = {
						CreatedOnToolsVersion = 6.1.1;
						TestTargetID = 5FF1FAD31A69C2120097BAD9;
					};
				};
			};
			buildConfigurationList = 5FF1FACF1A69C2120097BAD9 /* Build configuration list for PBXProject "Stall Monitor" */;
			compatibilityVersion = "Xcode 3.2";
			developmentRegion = English;
			hasScannedForEncodings = 0;
			knownRegions = (
				en,
				Base,
			);
			mainGroup = 5FF1FACB1A69C2120097BAD9;
			productRefGroup = 5FF1FAD51A69C2120097BAD9 /* Products */;
			projectDirPath = "";
			projectRoot = "";
			targets = (
				5FF1FAD31A69C2120097BAD9 /* Stall Monitor */,
				5FF1FAE31A69C2120097BAD9 /* Stall MonitorTests */,
			);
		};
/* End PBXProject section */

/* Begin PBXResourcesBuildPhase section */
		5FF1FAD21A69C2120097BAD9 /* Resources */ = {
			isa = PBXResourcesBuildPhase;
			buildActionMask = 2147483647;
			files = (
				5FF1FADC1A69C2120097BAD9 /* Images.xcassets in Resources */,
				5FF1FADF1A69C2120097BAD9 /* MainMenu.xib in Resources */,
			);
			runOnlyForDeploymentPostprocessing = 0;
		};
		5FF1FAE21A69C2120097BAD9 /* Resources */ = {
			isa = PBXResourcesBuildPhase;
			buildActionMask = 2147483647;
			files = (
			);
			runOnlyForDeploymentPostprocessing = 0;
		};
/* End PBXResourcesBuildPhase section */

/* Begin PBXSourcesBuildPhase section */
		5FF1FAD01A69C2120097BAD9 /* Sources */ = {
			isa = PBXSourcesBuildPhase;
			buildActionMask = 2147483647;
			files = (
				5FF1FADA1A69C2120097BAD9 /* AppDelegate.swift in Sources */,
			);
			runOnlyForDeploymentPostprocessing = 0;
		};
		5FF1FAE01A69C2120097BAD9 /* Sources */ = {
			isa = PBXSourcesBuildPhase;
			buildActionMask = 2147483647;
			files = (
				5FF1FAEB1A69C2120097BAD9 /* Stall_MonitorTests.swift in Sources */,
			);
			runOnlyForDeploymentPostprocessing = 0;
		};
/* End PBXSourcesBuildPhase section */

/* Begin PBXTargetDependency section */
		5FF1FAE61A69C2120097BAD9 /* PBXTargetDependency */ = {
			isa = PBXTargetDependency;
			target = 5FF1FAD31A69C2120097BAD9 /* Stall Monitor */;
			targetProxy = 5FF1FAE51A69C2120097BAD9 /* PBXContainerItemProxy */;
		};
/* End PBXTargetDependency section */

/* Begin PBXVariantGroup section */
		5FF1FADD1A69C2120097BAD9 /* MainMenu.xib */ = {
			isa = PBXVariantGroup;
			children = (
				5FF1FADE1A69C2120097BAD9 /* Base */,
			);
			name = MainMenu.xib;
			sourceTree = "<group>";
		};
/* End PBXVariantGroup section */

/* Begin XCBuildConfiguration section */
		5FF1FAEC1A69C2120097BAD9 /* Debug */ = {
			isa = XCBuildConfiguration;
			buildSettings = {
				ALWAYS_SEARCH_USER_PATHS = NO;
				CLANG_CXX_LANGUAGE_STANDARD = "gnu++0x";
				CLANG_CXX_LIBRARY = "libc++";
				CLANG_ENABLE_MODULES = YES;
				CLANG_ENABLE_OBJC_ARC = YES;
				CLANG_WARN_BOOL_CONVERSION = YES;
				CLANG_WARN_CONSTANT_CONVERSION = YES;
				CLANG_WARN_DIRECT_OBJC_ISA_USAGE = YES_ERROR;
				CLANG_WARN_EMPTY_BODY = YES;
				CLANG_WARN_ENUM_CONVERSION = YES;
				CLANG_WARN_INT_CONVERSION = YES;
				CLANG_WARN_OBJC_ROOT_CLASS = YES_ERROR;
				CLANG_WARN_UNREACHABLE_CODE = YES;
				CLANG_WARN__DUPLICATE_METHOD_MATCH = YES;
				CODE_SIGN_IDENTITY = "-";
				COPY_PHASE_STRIP = NO;
				ENABLE_STRICT_OBJC_MSGSEND = YES;
				GCC_C_LANGUAGE_STANDARD = gnu99;
				GCC_DYNAMIC_NO_PIC = NO;
				GCC_OPTIMIZATION_LEVEL = 0;
				GCC_PREPROCESSOR_DEFINITIONS = (
					"DEBUG=1",
					"$(inherited)",
				);
				GCC_SYMBOLS_PRIVATE_EXTERN = NO;
				GCC_WARN_64_TO_32_BIT_CONVERSION = YES;
				GCC_WARN_ABOUT_RETURN_TYPE = YES_ERROR;
				GCC_WARN_UNDECLARED_SELECTOR = YES;
				GCC_WARN_UNINITIALIZED_AUTOS = YES_AGGRESSIVE;
				GCC_WARN_UNUSED_FUNCTION = YES;
				GCC_WARN_UNUSED_VARIABLE = YES;
				MACOSX_DEPLOYMENT_TARGET = 10.10;
				MTL_ENABLE_DEBUG_INFO = YES;
				ONLY_ACTIVE_ARCH = YES;
				SDKROOT = macosx;
				SWIFT_OPTIMIZATION_LEVEL = "-Onone";
			};
			name = Debug;
		};
		5FF1FAED1A69C2120097BAD9 /* Release */ = {
			isa = XCBuildConfiguration;
			buildSettings = {
				ALWAYS_SEARCH_USER_PATHS = NO;
				CLANG_CXX_LANGUAGE_STANDARD = "gnu++0x";
				CLANG_CXX_LIBRARY = "libc++";
				CLANG_ENABLE_MODULES = YES;
				CLANG_ENABLE_OBJC_ARC = YES;
				CLANG_WARN_BOOL_CONVERSION = YES;
				CLANG_WARN_CONSTANT_CONVERSION = YES;
				CLANG_WARN_DIRECT_OBJC_ISA_USAGE = YES_ERROR;
				CLANG_WARN_EMPTY_BODY = YES;
				CLANG_WARN_ENUM_CONVERSION = YES;
				CLANG_WARN_INT_CONVERSION = YES;
				CLANG_WARN_OBJC_ROOT_CLASS = YES_ERROR;
				CLANG_WARN_UNREACHABLE_CODE = YES;
				CLANG_WARN__DUPLICATE_METHOD_MATCH = YES;
				CODE_SIGN_IDENTITY = "-";
				COPY_PHASE_STRIP = YES;
				DEBUG_INFORMATION_FORMAT = "dwarf-with-dsym";
				ENABLE_NS_ASSERTIONS = NO;
				ENABLE_STRICT_OBJC_MSGSEND = YES;
				GCC_C_LANGUAGE_STANDARD = gnu99;
				GCC_WARN_64_TO_32_BIT_CONVERSION = YES;
				GCC_WARN_ABOUT_RETURN_TYPE = YES_ERROR;
				GCC_WARN_UNDECLARED_SELECTOR = YES;
				GCC_WARN_UNINITIALIZED_AUTOS = YES_AGGRESSIVE;
				GCC_WARN_UNUSED_FUNCTION = YES;
				GCC_WARN_UNUSED_VARIABLE = YES;
				MACOSX_DEPLOYMENT_TARGET = 10.10;
				MTL_ENABLE_DEBUG_INFO = NO;
				SDKROOT = macosx;
			};
			name = Release;
		};
		5FF1FAEF1A69C2120097BAD9 /* Debug */ = {
			isa = XCBuildConfiguration;
			buildSettings = {
				ASSETCATALOG_COMPILER_APPICON_NAME = AppIcon;
				COMBINE_HIDPI_IMAGES = YES;
				INFOPLIST_FILE = "Stall Monitor/Info.plist";
				LD_RUNPATH_SEARCH_PATHS = "$(inherited) @executable_path/../Frameworks";
				PRODUCT_NAME = "$(TARGET_NAME)";
			};
			name = Debug;
		};
		5FF1FAF01A69C2120097BAD9 /* Release */ = {
			isa = XCBuildConfiguration;
			buildSettings = {
				ASSETCATALOG_COMPILER_APPICON_NAME = AppIcon;
				COMBINE_HIDPI_IMAGES = YES;
				INFOPLIST_FILE = "Stall Monitor/Info.plist";
				LD_RUNPATH_SEARCH_PATHS = "$(inherited) @executable_path/../Frameworks";
				PRODUCT_NAME = "$(TARGET_NAME)";
			};
			name = Release;
		};
		5FF1FAF21A69C2120097BAD9 /* Debug */ = {
			isa = XCBuildConfiguration;
			buildSettings = {
				BUNDLE_LOADER = "$(TEST_HOST)";
				COMBINE_HIDPI_IMAGES = YES;
				FRAMEWORK_SEARCH_PATHS = (
					"$(DEVELOPER_FRAMEWORKS_DIR)",
					"$(inherited)",
				);
				GCC_PREPROCESSOR_DEFINITIONS = (
					"DEBUG=1",
					"$(inherited)",
				);
				INFOPLIST_FILE = "Stall MonitorTests/Info.plist";
				LD_RUNPATH_SEARCH_PATHS = "$(inherited) @executable_path/../Frameworks @loader_path/../Frameworks";
				PRODUCT_NAME = "$(TARGET_NAME)";
				TEST_HOST = "$(BUILT_PRODUCTS_DIR)/Stall Monitor.app/Contents/MacOS/Stall Monitor";
			};
			name = Debug;
		};
		5FF1FAF31A69C2120097BAD9 /* Release */ = {
			isa = XCBuildConfiguration;
			buildSettings = {
				BUNDLE_LOADER = "$(TEST_HOST)";
				COMBINE_HIDPI_IMAGES = YES;
				FRAMEWORK_SEARCH_PATHS = (
					"$(DEVELOPER_FRAMEWORKS_DIR)",
					"$(inherited)",
				);
				INFOPLIST_FILE = "Stall MonitorTests/Info.plist";
				LD_RUNPATH_SEARCH_PATHS = "$(inherited) @executable_path/../Frameworks @loader_path/../Frameworks";
				PRODUCT_NAME = "$(TARGET_NAME)";
				TEST_HOST = "$(BUILT_PRODUCTS_DIR)/Stall Monitor.app/Contents/MacOS/Stall Monitor";
			};
			name = Release;
		};
/* End XCBuildConfiguration section */

/* Begin XCConfigurationList section */
		5FF1FACF1A69C2120097BAD9 /* Build configuration list for PBXProject "Stall Monitor" */ = {
			isa = XCConfigurationList;
			buildConfigurations = (
				5FF1FAEC1A69C2120097BAD9 /* Debug */,
				5FF1FAED1A69C2120097BAD9 /* Release */,
			);
			defaultConfigurationIsVisible = 0;
			defaultConfigurationName = Release;
		};
		5FF1FAEE1A69C2120097BAD9 /* Build configuration list for PBXNativeTarget "Stall Monitor" */ = {
			isa = XCConfigurationList;
			buildConfigurations = (
				5FF1FAEF1A69C2120097BAD9 /* Debug */,
				5FF1FAF01A69C2120097BAD9 /* Release */,
			);
			defaultConfigurationIsVisible = 0;
			defaultConfigurationName = Release;
		};
		5FF1FAF11A69C2120097BAD9 /* Build configuration list for PBXNativeTarget "Stall MonitorTests" */ = {
			isa = XCConfigurationList;
			buildConfigurations = (
				5FF1FAF21A69C2120097BAD9 /* Debug */,
				5FF1FAF31A69C2120097BAD9 /* Release */,
			);
			defaultConfigurationIsVisible = 0;
			defaultConfigurationName = Release;
		};
/* End XCConfigurationList section */
	};
	rootObject = 5FF1FACC1A69C2120097BAD9 /* Project object */;
}
